
Microsoft Visual Studio Solution File, Format Version 12.00
# Visual Studio 15
VisualStudioVersion = 15.0.28307.705
MinimumVisualStudioVersion = 10.0.40219.1
Project("{F184B08F-C81C-45F6-A57F-5ABD9991F28F}") = "Suiveur", "Suiveur\Suiveur.vbproj", "{4D6831EF-1A51-470F-BE56-4762387AFBA6}"
EndProject
Global
	GlobalSection(SolutionConfigurationPlatforms) = preSolution
		Debug|Any CPU = Debug|Any CPU
		Release|Any CPU = Release|Any CPU
	EndGlobalSection
	GlobalSection(ProjectConfigurationPlatforms) = postSolution
		{4D6831EF-1A51-470F-BE56-4762387AFBA6}.Debug|Any CPU.ActiveCfg = Debug|Any CPU
		{4D6831EF-1A51-470F-BE56-4762387AFBA6}.Debug|Any CPU.Build.0 = Debug|Any CPU
		{4D6831EF-1A51-470F-BE56-4762387AFBA6}.Release|Any CPU.ActiveCfg = Release|Any CPU
		{4D6831EF-1A51-470F-BE56-4762387AFBA6}.Release|Any CPU.Build.0 = Release|Any CPU
	EndGlobalSection
	GlobalSection(SolutionProperties) = preSolution
		HideSolutionNode = FALSE
	EndGlobalSection
	GlobalSection(ExtensibilityGlobals) = postSolution
		SolutionGuid = {B9950C72-D492-4F5F-9E12-B76A41C4C0D5}
	EndGlobalSection
EndGlobal
